{
  "name": ".tscanner",
  "lockfileVersion": 3,
  "requires": true,
  "packages": {
    "": {
      "dependencies": {
        "tscanner": "^0.1.3"
      }
    },
    "node_modules/@tscanner/cli-darwin-arm64": {
      "version": "0.1.3",
      "resolved": "https://registry.npmjs.org/@tscanner/cli-darwin-arm64/-/cli-darwin-arm64-0.1.3.tgz",
      "integrity": "sha512-JJP2EFXZv5SwvCw5mxw5OFCYZraa8ByZJmwamhVqhkS3HrjdKt/zODqb63vHoykfjMKU67DKsMw6grtxHFJVMw==",
      "cpu": [
        "arm64"
      ],
      "license": "MIT",
      "optional": true,
      "os": [
        "darwin"
      ]
    },
    "node_modules/@tscanner/cli-darwin-x64": {
      "version": "0.1.3",
      "resolved": "https://registry.npmjs.org/@tscanner/cli-darwin-x64/-/cli-darwin-x64-0.1.3.tgz",
      "integrity": "sha512-jAbnSF9FskKrIKN5l3dz6x0b+TpYyIpqIvA86dyC6Chhd6GauXm2Kg6jGp6EIckMgZFUz9WVJ0J6glV4rx9HUw==",
      "cpu": [
        "x64"
      ],
      "license": "MIT",
      "optional": true,
      "os": [
        "darwin"
      ]
    },
    "node_modules/@tscanner/cli-linux-arm64": {
      "version": "0.1.3",
      "resolved": "https://registry.npmjs.org/@tscanner/cli-linux-arm64/-/cli-linux-arm64-0.1.3.tgz",
      "integrity": "sha512-D0pvrf3kNyoZX0CFx7IZCLHdd/+x2YasYrobjQV6s0p4Uh59fjGg/olu1dsHFPksrOqa/tQa6FanhOBLYzQq5g==",
      "cpu": [
        "arm64"
      ],
      "license": "MIT",
      "optional": true,
      "os": [
        "linux"
      ]
    },
    "node_modules/@tscanner/cli-linux-x64": {
      "version": "0.1.3",
      "resolved": "https://registry.npmjs.org/@tscanner/cli-linux-x64/-/cli-linux-x64-0.1.3.tgz",
      "integrity": "sha512-1aU9ks/YqUjDQVmpKvYBK/W06dMYHcS2Tv1nIZaehcSqvDSfxSyLojQliiNcnDDWRvTmvYeVljyCB4JhKi7Y+A==",
      "cpu": [
        "x64"
      ],
      "license": "MIT",
      "optional": true,
      "os": [
        "linux"
      ]
    },
    "node_modules/@tscanner/cli-win32-x64": {
      "version": "0.1.3",
      "resolved": "https://registry.npmjs.org/@tscanner/cli-win32-x64/-/cli-win32-x64-0.1.3.tgz",
      "integrity": "sha512-ruhz30Iq7jd8YFYXrLZjfRv+TysEW/V2Qpt3APArT9asO2as2fqTAabFrowTtYq3MJyA4vz+DoSz51fEx2u7ng==",
      "cpu": [
        "x64"
      ],
      "license": "MIT",
      "optional": true,
      "os": [
        "win32"
      ]
    },
    "node_modules/tscanner": {
      "version": "0.1.3",
      "resolved": "https://registry.npmjs.org/tscanner/-/tscanner-0.1.3.tgz",
      "integrity": "sha512-SClAEZl8wnBrp+R31RYDcyFpWODep3/4qH8kS4pzzrv616G6BXLjJDQoU+GSLL5Ec4OG4iYK3tZD4M18Q9/G6Q==",
      "hasInstallScript": true,
      "license": "MIT",
      "dependencies": {
        "zod": "^4.1.12"
      },
      "bin": {
        "tscanner": "dist/main.js"
      },
      "engines": {
        "node": ">=18"
      },
      "optionalDependencies": {
        "@tscanner/cli-darwin-arm64": "0.1.3",
        "@tscanner/cli-darwin-x64": "0.1.3",
        "@tscanner/cli-linux-arm64": "0.1.3",
        "@tscanner/cli-linux-x64": "0.1.3",
        "@tscanner/cli-win32-x64": "0.1.3"
      }
    },
    "node_modules/zod": {
      "version": "4.3.6",
      "resolved": "https://registry.npmjs.org/zod/-/zod-4.3.6.tgz",
      "integrity": "sha512-rftlrkhHZOcjDwkGlnUtZZkvaPHCsDATp4pGpuOOMDaTdDDXF91wuVDJoWoPsKX/3YPQ5fHuF3STjcYyKr+Qhg==",
      "license": "MIT",
      "funding": {
        "url": "https://github.com/sponsors/colinhacks"
      }
    }
  }
}
